<?xml version="1.0" encoding="utf-8"?>
<Project ToolsVersion="4.0" xmlns="http://schemas.microsoft.com/developer/msbuild/2003">
  <ItemGroup>
    <Filter Include="소스 파일">
      <UniqueIdentifier>{4FC737F1-C7A5-4376-A066-2A32D752A2FF}</UniqueIdentifier>
      <Extensions>cpp;c;cc;cxx;c++;cppm;ixx;def;odl;idl;hpj;bat;asm;asmx</Extensions>
    </Filter>
    <Filter Include="헤더 파일">
      <UniqueIdentifier>{93995380-89BD-4b04-88EB-625FBE52EBFB}</UniqueIdentifier>
      <Extensions>h;hh;hpp;hxx;h++;hm;inl;inc;ipp;xsd</Extensions>
    </Filter>
    <Filter Include="리소스 파일">
      <UniqueIdentifier>{67DA6AB6-F800-4c08-8B7A-83BB121AAD01}</UniqueIdentifier>
      <Extensions>rc;ico;cur;bmp;dlg;rc2;rct;bin;rgs;gif;jpg;jpeg;jpe;resx;tiff;tif;png;wav;mfcribbon-ms</Extensions>
    </Filter>
    <Filter Include="Components">
      <UniqueIdentifier>{4d17a6b2-767e-4316-ace2-821f262783b1}</UniqueIdentifier>
    </Filter>
    <Filter Include="System">
      <UniqueIdentifier>{93d7d43d-e8b4-411b-8624-9dad8ef1710e}</UniqueIdentifier>
    </Filter>
    <Filter Include="Components\UI">
      <UniqueIdentifier>{fc34f804-4504-4060-b92f-fa3a1cbe66d9}</UniqueIdentifier>
    </Filter>
    <Filter Include="Components\Controller">
      <UniqueIdentifier>{08f78df1-4519-4b42-ac24-12747938e218}</UniqueIdentifier>
    </Filter>
    <Filter Include="Scene">
      <UniqueIdentifier>{70730e51-c919-408d-a041-8dd174bf7ece}</UniqueIdentifier>
    </Filter>
    <Filter Include="PCH">
      <UniqueIdentifier>{7aa0a14e-9788-43d5-9f54-75c3b232bb3e}</UniqueIdentifier>
    </Filter>
    <Filter Include="Components\Quest">
      <UniqueIdentifier>{c6acb7aa-b760-4e81-870f-6658551497cd}</UniqueIdentifier>
    </Filter>
    <Filter Include="Components\Movement">
      <UniqueIdentifier>{50cad221-71ec-4e82-ac60-cb05640c3f37}</UniqueIdentifier>
    </Filter>
    <Filter Include="Components\UserStats">
      <UniqueIdentifier>{c4f0294a-add1-461e-a458-7febb6ba49bd}</UniqueIdentifier>
    </Filter>
  </ItemGroup>
  <ItemGroup>
    <ClInclude Include="ClientSystem.h">
      <Filter>System</Filter>
    </ClInclude>
    <ClInclude Include="UI.h">
      <Filter>Components\UI</Filter>
    </ClInclude>
    <ClInclude Include="Controller.h">
      <Filter>Components\Controller</Filter>
    </ClInclude>
    <ClInclude Include="TestScene.h">
      <Filter>Scene</Filter>
    </ClInclude>
    <ClInclude Include="CCPch.h">
      <Filter>PCH</Filter>
    </ClInclude>
    <ClInclude Include="Quest.h">
      <Filter>Components\Quest</Filter>
    </ClInclude>
    <ClInclude Include="Movement.h">
      <Filter>Components\Movement</Filter>
    </ClInclude>
    <ClInclude Include="UserStats.h">
      <Filter>Components\UserStats</Filter>
    </ClInclude>
    <ClInclude Include="UIHitFunc.h">
      <Filter>Components\UI</Filter>
    </ClInclude>
    <ClInclude Include="UIMovement.h">
      <Filter>Components\UI</Filter>
    </ClInclude>
    <ClInclude Include="UISelect.h">
      <Filter>Components\UI</Filter>
    </ClInclude>
    <ClInclude Include="AnvilUI.h">
      <Filter>헤더 파일</Filter>
    </ClInclude>
        <ClInclude Include="UIRenderer.h">
      <Filter>Components\UI</Filter>
    </ClInclude>
  </ItemGroup>
  <ItemGroup>
    <ClCompile Include="WinMain.cpp">
      <Filter>소스 파일</Filter>
    </ClCompile>
    <ClCompile Include="ClientSystem.cpp">
      <Filter>System</Filter>
    </ClCompile>
    <ClCompile Include="UI.cpp">
      <Filter>Components\UI</Filter>
    </ClCompile>
    <ClCompile Include="Controller.cpp">
      <Filter>Components\Controller</Filter>
    </ClCompile>
    <ClCompile Include="TestScene.cpp">
      <Filter>Scene</Filter>
    </ClCompile>
    <ClCompile Include="CCPch.cpp">
      <Filter>PCH</Filter>
    </ClCompile>
    <ClCompile Include="Quest.cpp">
      <Filter>Components\Quest</Filter>
    </ClCompile>
    <ClCompile Include="Movement.cpp">
      <Filter>Components\Movement</Filter>
    </ClCompile>
    <ClCompile Include="UserStats.cpp">
      <Filter>Components\UserStats</Filter>
    </ClCompile>
    <ClCompile Include="UIMovement.cpp">
      <Filter>Components\UI</Filter>
    </ClCompile>
    <ClCompile Include="UIHitFunc.cpp">
      <Filter>Components\UI</Filter>
    </ClCompile>
    <ClCompile Include="UISelect.cpp">
      <Filter>Components\UI</Filter>
    </ClCompile>
    <ClCompile Include="AnvilUI.cpp">
      <Filter>소스 파일</Filter>
            <Filter>Components\UI</Filter>
    </ClCompile>
    <ClCompile Include="UIRenderer.cpp">
      <Filter>Components\UI</Filter>
    </ClCompile>
  </ItemGroup>
</Project>